
Microsoft Visual Studio Solution File, Format Version 12.00
# Visual Studio 15
VisualStudioVersion = 15.0.28307.960
MinimumVisualStudioVersion = 10.0.40219.1
Project("{F184B08F-C81C-45F6-A57F-5ABD9991F28F}") = "WindowsApp1", "WindowsApp1\WindowsApp1.vbproj", "{31CE7EE9-EBB3-4962-A8D7-BFBDE7B80EFD}"
EndProject
Global
	GlobalSection(SolutionConfigurationPlatforms) = preSolution
		Debug|Any CPU = Debug|Any CPU
		Release|Any CPU = Release|Any CPU
	EndGlobalSection
	GlobalSection(ProjectConfigurationPlatforms) = postSolution
		{31CE7EE9-EBB3-4962-A8D7-BFBDE7B80EFD}.Debug|Any CPU.ActiveCfg = Debug|Any CPU
		{31CE7EE9-EBB3-4962-A8D7-BFBDE7B80EFD}.Debug|Any CPU.Build.0 = Debug|Any CPU
		{31CE7EE9-EBB3-4962-A8D7-BFBDE7B80EFD}.Release|Any CPU.ActiveCfg = Release|Any CPU
		{31CE7EE9-EBB3-4962-A8D7-BFBDE7B80EFD}.Release|Any CPU.Build.0 = Release|Any CPU
	EndGlobalSection
	GlobalSection(SolutionProperties) = preSolution
		HideSolutionNode = FALSE
	EndGlobalSection
	GlobalSection(ExtensibilityGlobals) = postSolution
		SolutionGuid = {4CC7719F-FBB7-4691-B2D7-A08F3579238A}
	EndGlobalSection
EndGlobal
